
Microsoft Visual Studio Solution File, Format Version 12.00
# Visual Studio Version 17
VisualStudioVersion = 17.2.32602.215
MinimumVisualStudioVersion = 10.0.40219.1
Project("{FAE04EC0-301F-11D3-BF4B-00C04F79EFBC}") = "ScriptEngine", "ScriptEngine\ScriptEngine.csproj", "{BAC417BA-3237-4F1C-857E-78306E7BF7E3}"
EndProject
Global
	GlobalSection(SolutionConfigurationPlatforms) = preSolution
		Debug|Any CPU = Debug|Any CPU
		Release|Any CPU = Release|Any CPU
	EndGlobalSection
	GlobalSection(ProjectConfigurationPlatforms) = postSolution
		{BAC417BA-3237-4F1C-857E-78306E7BF7E3}.Debug|Any CPU.ActiveCfg = Debug|Any CPU
		{BAC417BA-3237-4F1C-857E-78306E7BF7E3}.Debug|Any CPU.Build.0 = Debug|Any CPU
		{BAC417BA-3237-4F1C-857E-78306E7BF7E3}.Release|Any CPU.ActiveCfg = Release|Any CPU
		{BAC417BA-3237-4F1C-857E-78306E7BF7E3}.Release|Any CPU.Build.0 = Release|Any CPU
	EndGlobalSection
	GlobalSection(SolutionProperties) = preSolution
		HideSolutionNode = FALSE
	EndGlobalSection
	GlobalSection(ExtensibilityGlobals) = postSolution
		SolutionGuid = {3FCD20F0-F6BC-4522-8BD1-4B40B09D94B1}
	EndGlobalSection
EndGlobal
